
Microsoft Visual Studio Solution File, Format Version 12.00
# Visual Studio 15
VisualStudioVersion = 15.0.26730.16
MinimumVisualStudioVersion = 10.0.40219.1
Project("{8BC9CEB8-8B4A-11D0-8D11-00A0C91BC942}") = "CppPrimer_Practice", "CppPrimer_Practice\CppPrimer_Practice.vcxproj", "{DA8B71FD-413C-419D-A80F-5921A4E9158B}"
EndProject
Project("{2150E333-8FDC-42A3-9474-1A3956D46DE8}") = "ch1", "ch1", "{440EF260-DD02-448F-A0BF-EA25441ED9B2}"
	ProjectSection(SolutionItems) = preProject
		exercise1_1.cpp = exercise1_1.cpp
		exercise1_10.cpp = exercise1_10.cpp
		exercise1_11.cpp = exercise1_11.cpp
		exercise1_16.cpp = exercise1_16.cpp
		exercise1_2.cpp = exercise1_2.cpp
		exercise1_20.cpp = exercise1_20.cpp
		exercise1_21.cpp = exercise1_21.cpp
		exercise1_22.cpp = exercise1_22.cpp
		exercise1_3.cpp = exercise1_3.cpp
		exercise1_9.cpp = exercise1_9.cpp
		..\..\Cpp_Primer_Answers\ch01\README.md = ..\..\Cpp_Primer_Answers\ch01\README.md
	EndProjectSection
EndProject
Project("{2150E333-8FDC-42A3-9474-1A3956D46DE8}") = "data", "data", "{5F5331C6-3BA5-4453-ACBA-A5D1CFE97E53}"
	ProjectSection(SolutionItems) = preProject
		data\books.txt = data\books.txt
		data\exercise1_17.png = data\exercise1_17.png
		data\exercise1_2.png = data\exercise1_2.png
		data\exercise1_24.png = data\exercise1_24.png
		data\exercise1_7.png = data\exercise1_7.png
		data\exercise2_42.h = data\exercise2_42.h
		data\for_transform.txt = data\for_transform.txt
		data\letter.txt = data\letter.txt
		data\phonenumbers.txt = data\phonenumbers.txt
		data\Sales_item.h = data\Sales_item.h
		data\storyDataFile.txt = data\storyDataFile.txt
		data\transform_rules.txt = data\transform_rules.txt
		data\Version_test.h = data\Version_test.h
	EndProjectSection
EndProject
Project("{2150E333-8FDC-42A3-9474-1A3956D46DE8}") = "ch2", "ch2", "{E31C56EA-FE6D-42A2-9ED0-E2AB265D1A2E}"
EndProject
Project("{2150E333-8FDC-42A3-9474-1A3956D46DE8}") = "ch8", "ch8", "{7D514977-2C06-4557-839A-97070F7BA732}"
	ProjectSection(SolutionItems) = preProject
		exercise8_1.cpp = exercise8_1.cpp
		exercise8_2.cpp = exercise8_2.cpp
		..\..\Cpp_Primer_Answers\ch08\README.md = ..\..\Cpp_Primer_Answers\ch08\README.md
	EndProjectSection
EndProject
Global
	GlobalSection(SolutionConfigurationPlatforms) = preSolution
		Debug|x64 = Debug|x64
		Debug|x86 = Debug|x86
		Release|x64 = Release|x64
		Release|x86 = Release|x86
	EndGlobalSection
	GlobalSection(ProjectConfigurationPlatforms) = postSolution
		{DA8B71FD-413C-419D-A80F-5921A4E9158B}.Debug|x64.ActiveCfg = Debug|x64
		{DA8B71FD-413C-419D-A80F-5921A4E9158B}.Debug|x64.Build.0 = Debug|x64
		{DA8B71FD-413C-419D-A80F-5921A4E9158B}.Debug|x86.ActiveCfg = Debug|Win32
		{DA8B71FD-413C-419D-A80F-5921A4E9158B}.Debug|x86.Build.0 = Debug|Win32
		{DA8B71FD-413C-419D-A80F-5921A4E9158B}.Release|x64.ActiveCfg = Release|x64
		{DA8B71FD-413C-419D-A80F-5921A4E9158B}.Release|x64.Build.0 = Release|x64
		{DA8B71FD-413C-419D-A80F-5921A4E9158B}.Release|x86.ActiveCfg = Release|Win32
		{DA8B71FD-413C-419D-A80F-5921A4E9158B}.Release|x86.Build.0 = Release|Win32
	EndGlobalSection
	GlobalSection(SolutionProperties) = preSolution
		HideSolutionNode = FALSE
	EndGlobalSection
	GlobalSection(ExtensibilityGlobals) = postSolution
		SolutionGuid = {EB958800-459D-4F7D-A488-CDD151EB8F8D}
	EndGlobalSection
EndGlobal
